// !$*UTF8*$!
{
	archiveVersion = 1;
	classes = {
	};
	objectVersion = 48;
	objects = {

/* Begin PBXBuildFile section */
		8796F8AE2009036100858538 /* AppDelegate.swift in Sources */ = {isa = PBXBuildFile; fileRef = 8796F8AD2009036100858538 /* AppDelegate.swift */; };
		8796F8B02009036100858538 /* ViewController.swift in Sources */ = {isa = PBXBuildFile; fileRef = 8796F8AF2009036100858538 /* ViewController.swift */; };
		8796F8B32009036100858538 /* Main.storyboard in Resources */ = {isa = PBXBuildFile; fileRef = 8796F8B12009036100858538 /* Main.storyboard */; };
		8796F8B52009036100858538 /* Assets.xcassets in Resources */ = {isa = PBXBuildFile; fileRef = 8796F8B42009036100858538 /* Assets.xcassets */; };
		8796F8B82009036100858538 /* LaunchScreen.storyboard in Resources */ = {isa = PBXBuildFile; fileRef = 8796F8B62009036100858538 /* LaunchScreen.storyboard */; };
		87F2DA50201297840089F6BC /* test.m in Sources */ = {isa = PBXBuildFile; fileRef = 87F2DA4F201297840089F6BC /* test.m */; };
		87F2DA5420129A740089F6BC /* xAPI.swift in Sources */ = {isa = PBXBuildFile; fileRef = 87F2DA5320129A740089F6BC /* xAPI.swift */; };
		87F2DA7A20129FD30089F6BC /* TCAttachment.m in Sources */ = {isa = PBXBuildFile; fileRef = 87F2DA5620129FCF0089F6BC /* TCAttachment.m */; };
		87F2DA7B20129FD30089F6BC /* TCLocalizedValues.m in Sources */ = {isa = PBXBuildFile; fileRef = 87F2DA5720129FCF0089F6BC /* TCLocalizedValues.m */; };
		87F2DA7C20129FD30089F6BC /* TCError.m in Sources */ = {isa = PBXBuildFile; fileRef = 87F2DA5920129FCF0089F6BC /* TCError.m */; };
		87F2DA7D20129FD30089F6BC /* TCUtil.m in Sources */ = {isa = PBXBuildFile; fileRef = 87F2DA5B20129FD00089F6BC /* TCUtil.m */; };
		87F2DA7E20129FD30089F6BC /* TCStatement.m in Sources */ = {isa = PBXBuildFile; fileRef = 87F2DA5C20129FD00089F6BC /* TCStatement.m */; };
		87F2DA7F20129FD30089F6BC /* TCAgent.m in Sources */ = {isa = PBXBuildFile; fileRef = 87F2DA5D20129FD00089F6BC /* TCAgent.m */; };
		87F2DA8020129FD30089F6BC /* TCActivity.m in Sources */ = {isa = PBXBuildFile; fileRef = 87F2DA5E20129FD00089F6BC /* TCActivity.m */; };
		87F2DA8120129FD30089F6BC /* TCLRS.m in Sources */ = {isa = PBXBuildFile; fileRef = 87F2DA6420129FD00089F6BC /* TCLRS.m */; };
		87F2DA8220129FD30089F6BC /* TCState.m in Sources */ = {isa = PBXBuildFile; fileRef = 87F2DA6620129FD10089F6BC /* TCState.m */; };
		87F2DA8320129FD30089F6BC /* TCActivityDefinition.m in Sources */ = {isa = PBXBuildFile; fileRef = 87F2DA6720129FD10089F6BC /* TCActivityDefinition.m */; };
		87F2DA8420129FD30089F6BC /* TCVerb.m in Sources */ = {isa = PBXBuildFile; fileRef = 87F2DA6920129FD10089F6BC /* TCVerb.m */; };
		87F2DA8520129FD30089F6BC /* TCStatementCollection.m in Sources */ = {isa = PBXBuildFile; fileRef = 87F2DA6A20129FD10089F6BC /* TCStatementCollection.m */; };
		87F2DA8620129FD30089F6BC /* TCContext.m in Sources */ = {isa = PBXBuildFile; fileRef = 87F2DA6B20129FD10089F6BC /* TCContext.m */; };
		87F2DA8720129FD30089F6BC /* TCQueryOptions.m in Sources */ = {isa = PBXBuildFile; fileRef = 87F2DA7220129FD20089F6BC /* TCQueryOptions.m */; };
		87F2DA8820129FD30089F6BC /* TCResult.m in Sources */ = {isa = PBXBuildFile; fileRef = 87F2DA7420129FD20089F6BC /* TCResult.m */; };
		87F2DA8920129FD30089F6BC /* RSTinCanConnector.m in Sources */ = {isa = PBXBuildFile; fileRef = 87F2DA7720129FD20089F6BC /* RSTinCanConnector.m */; };
		87F2DA8A20129FD30089F6BC /* TCAttachmentCollection.m in Sources */ = {isa = PBXBuildFile; fileRef = 87F2DA7820129FD30089F6BC /* TCAttachmentCollection.m */; };
		87FA4A33202D358900A0E3BC /* iBeaconProj.xcdatamodeld in Sources */ = {isa = PBXBuildFile; fileRef = 87FA4A31202D358900A0E3BC /* iBeaconProj.xcdatamodeld */; };
		87FA4A35202D376C00A0E3BC /* RecordViewController.swift in Sources */ = {isa = PBXBuildFile; fileRef = 87FA4A34202D376C00A0E3BC /* RecordViewController.swift */; };
		87FA4A37202D38C500A0E3BC /* PersistenceService.swift in Sources */ = {isa = PBXBuildFile; fileRef = 87FA4A36202D38C500A0E3BC /* PersistenceService.swift */; };
		87FA4A3A202D3CF200A0E3BC /* Record+CoreDataClass.swift in Sources */ = {isa = PBXBuildFile; fileRef = 87FA4A38202D3CF200A0E3BC /* Record+CoreDataClass.swift */; };
		87FA4A3B202D3CF200A0E3BC /* Record+CoreDataProperties.swift in Sources */ = {isa = PBXBuildFile; fileRef = 87FA4A39202D3CF200A0E3BC /* Record+CoreDataProperties.swift */; };
/* End PBXBuildFile section */

/* Begin PBXFileReference section */
		8796F8AA2009036100858538 /* iBeaconProj.app */ = {isa = PBXFileReference; explicitFileType = wrapper.application; includeInIndex = 0; path = iBeaconProj.app; sourceTree = BUILT_PRODUCTS_DIR; };
		8796F8AD2009036100858538 /* AppDelegate.swift */ = {isa = PBXFileReference; lastKnownFileType = sourcecode.swift; path = AppDelegate.swift; sourceTree = "<group>"; };
		8796F8AF2009036100858538 /* ViewController.swift */ = {isa = PBXFileReference; lastKnownFileType = sourcecode.swift; path = ViewController.swift; sourceTree = "<group>"; };
		8796F8B22009036100858538 /* Base */ = {isa = PBXFileReference; lastKnownFileType = file.storyboard; name = Base; path = Base.lproj/Main.storyboard; sourceTree = "<group>"; };
		8796F8B42009036100858538 /* Assets.xcassets */ = {isa = PBXFileReference; lastKnownFileType = folder.assetcatalog; path = Assets.xcassets; sourceTree = "<group>"; };
		8796F8B72009036100858538 /* Base */ = {isa = PBXFileReference; lastKnownFileType = file.storyboard; name = Base; path = Base.lproj/LaunchScreen.storyboard; sourceTree = "<group>"; };
		8796F8B92009036100858538 /* Info.plist */ = {isa = PBXFileReference; lastKnownFileType = text.plist.xml; path = Info.plist; sourceTree = "<group>"; };
		87F2DA4E201297830089F6BC /* iBeaconProj-Bridging-Header.h */ = {isa = PBXFileReference; lastKnownFileType = sourcecode.c.h; path = "iBeaconProj-Bridging-Header.h"; sourceTree = "<group>"; };
		87F2DA4F201297840089F6BC /* test.m */ = {isa = PBXFileReference; lastKnownFileType = sourcecode.c.objc; path = test.m; sourceTree = "<group>"; };
		87F2DA5320129A740089F6BC /* xAPI.swift */ = {isa = PBXFileReference; lastKnownFileType = sourcecode.swift; path = xAPI.swift; sourceTree = "<group>"; };
		87F2DA5620129FCF0089F6BC /* TCAttachment.m */ = {isa = PBXFileReference; fileEncoding = 4; lastKnownFileType = sourcecode.c.objc; path = TCAttachment.m; sourceTree = "<group>"; };
		87F2DA5720129FCF0089F6BC /* TCLocalizedValues.m */ = {isa = PBXFileReference; fileEncoding = 4; lastKnownFileType = sourcecode.c.objc; path = TCLocalizedValues.m; sourceTree = "<group>"; };
		87F2DA5820129FCF0089F6BC /* TCUtil.h */ = {isa = PBXFileReference; fileEncoding = 4; lastKnownFileType = sourcecode.c.h; path = TCUtil.h; sourceTree = "<group>"; };
		87F2DA5920129FCF0089F6BC /* TCError.m */ = {isa = PBXFileReference; fileEncoding = 4; lastKnownFileType = sourcecode.c.objc; path = TCError.m; sourceTree = "<group>"; };
		87F2DA5A20129FD00089F6BC /* TCLocalizedValues.h */ = {isa = PBXFileReference; fileEncoding = 4; lastKnownFileType = sourcecode.c.h; path = TCLocalizedValues.h; sourceTree = "<group>"; };
		87F2DA5B20129FD00089F6BC /* TCUtil.m */ = {isa = PBXFileReference; fileEncoding = 4; lastKnownFileType = sourcecode.c.objc; path = TCUtil.m; sourceTree = "<group>"; };
		87F2DA5C20129FD00089F6BC /* TCStatement.m */ = {isa = PBXFileReference; fileEncoding = 4; lastKnownFileType = sourcecode.c.objc; path = TCStatement.m; sourceTree = "<group>"; };
		87F2DA5D20129FD00089F6BC /* TCAgent.m */ = {isa = PBXFileReference; fileEncoding = 4; lastKnownFileType = sourcecode.c.objc; path = TCAgent.m; sourceTree = "<group>"; };
		87F2DA5E20129FD00089F6BC /* TCActivity.m */ = {isa = PBXFileReference; fileEncoding = 4; lastKnownFileType = sourcecode.c.objc; path = TCActivity.m; sourceTree = "<group>"; };
		87F2DA5F20129FD00089F6BC /* TCState.h */ = {isa = PBXFileReference; fileEncoding = 4; lastKnownFileType = sourcecode.c.h; path = TCState.h; sourceTree = "<group>"; };
		87F2DA6020129FD00089F6BC /* TCActivityDefinition.h */ = {isa = PBXFileReference; fileEncoding = 4; lastKnownFileType = sourcecode.c.h; path = TCActivityDefinition.h; sourceTree = "<group>"; };
		87F2DA6120129FD00089F6BC /* TCActivity.h */ = {isa = PBXFileReference; fileEncoding = 4; lastKnownFileType = sourcecode.c.h; path = TCActivity.h; sourceTree = "<group>"; };
		87F2DA6220129FD00089F6BC /* TCContext.h */ = {isa = PBXFileReference; fileEncoding = 4; lastKnownFileType = sourcecode.c.h; path = TCContext.h; sourceTree = "<group>"; };
		87F2DA6320129FD00089F6BC /* TCError.h */ = {isa = PBXFileReference; fileEncoding = 4; lastKnownFileType = sourcecode.c.h; path = TCError.h; sourceTree = "<group>"; };
		87F2DA6420129FD00089F6BC /* TCLRS.m */ = {isa = PBXFileReference; fileEncoding = 4; lastKnownFileType = sourcecode.c.objc; path = TCLRS.m; sourceTree = "<group>"; };
		87F2DA6520129FD10089F6BC /* TCQueryOptions.h */ = {isa = PBXFileReference; fileEncoding = 4; lastKnownFileType = sourcecode.c.h; path = TCQueryOptions.h; sourceTree = "<group>"; };
		87F2DA6620129FD10089F6BC /* TCState.m */ = {isa = PBXFileReference; fileEncoding = 4; lastKnownFileType = sourcecode.c.objc; path = TCState.m; sourceTree = "<group>"; };
		87F2DA6720129FD10089F6BC /* TCActivityDefinition.m */ = {isa = PBXFileReference; fileEncoding = 4; lastKnownFileType = sourcecode.c.objc; path = TCActivityDefinition.m; sourceTree = "<group>"; };
		87F2DA6820129FD10089F6BC /* TCAgent.h */ = {isa = PBXFileReference; fileEncoding = 4; lastKnownFileType = sourcecode.c.h; path = TCAgent.h; sourceTree = "<group>"; };
		87F2DA6920129FD10089F6BC /* TCVerb.m */ = {isa = PBXFileReference; fileEncoding = 4; lastKnownFileType = sourcecode.c.objc; path = TCVerb.m; sourceTree = "<group>"; };
		87F2DA6A20129FD10089F6BC /* TCStatementCollection.m */ = {isa = PBXFileReference; fileEncoding = 4; lastKnownFileType = sourcecode.c.objc; path = TCStatementCollection.m; sourceTree = "<group>"; };
		87F2DA6B20129FD10089F6BC /* TCContext.m */ = {isa = PBXFileReference; fileEncoding = 4; lastKnownFileType = sourcecode.c.objc; path = TCContext.m; sourceTree = "<group>"; };
		87F2DA6C20129FD10089F6BC /* TCVerb.h */ = {isa = PBXFileReference; fileEncoding = 4; lastKnownFileType = sourcecode.c.h; path = TCVerb.h; sourceTree = "<group>"; };
		87F2DA6D20129FD10089F6BC /* RSTCAPI-Prefix.pch */ = {isa = PBXFileReference; fileEncoding = 4; lastKnownFileType = sourcecode.c.h; path = "RSTCAPI-Prefix.pch"; sourceTree = "<group>"; };
		87F2DA6E20129FD10089F6BC /* TCResult.h */ = {isa = PBXFileReference; fileEncoding = 4; lastKnownFileType = sourcecode.c.h; path = TCResult.h; sourceTree = "<group>"; };
		87F2DA6F20129FD20089F6BC /* TCStatementCollection.h */ = {isa = PBXFileReference; fileEncoding = 4; lastKnownFileType = sourcecode.c.h; path = TCStatementCollection.h; sourceTree = "<group>"; };
		87F2DA7020129FD20089F6BC /* RSTCAPI.h */ = {isa = PBXFileReference; fileEncoding = 4; lastKnownFileType = sourcecode.c.h; path = RSTCAPI.h; sourceTree = "<group>"; };
		87F2DA7120129FD20089F6BC /* TCStatement.h */ = {isa = PBXFileReference; fileEncoding = 4; lastKnownFileType = sourcecode.c.h; path = TCStatement.h; sourceTree = "<group>"; };
		87F2DA7220129FD20089F6BC /* TCQueryOptions.m */ = {isa = PBXFileReference; fileEncoding = 4; lastKnownFileType = sourcecode.c.objc; path = TCQueryOptions.m; sourceTree = "<group>"; };
		87F2DA7320129FD20089F6BC /* TCAttachmentCollection.h */ = {isa = PBXFileReference; fileEncoding = 4; lastKnownFileType = sourcecode.c.h; path = TCAttachmentCollection.h; sourceTree = "<group>"; };
		87F2DA7420129FD20089F6BC /* TCResult.m */ = {isa = PBXFileReference; fileEncoding = 4; lastKnownFileType = sourcecode.c.objc; path = TCResult.m; sourceTree = "<group>"; };
		87F2DA7520129FD20089F6BC /* TCLRS.h */ = {isa = PBXFileReference; fileEncoding = 4; lastKnownFileType = sourcecode.c.h; path = TCLRS.h; sourceTree = "<group>"; };
		87F2DA7620129FD20089F6BC /* RSTinCanConnector.h */ = {isa = PBXFileReference; fileEncoding = 4; lastKnownFileType = sourcecode.c.h; path = RSTinCanConnector.h; sourceTree = "<group>"; };
		87F2DA7720129FD20089F6BC /* RSTinCanConnector.m */ = {isa = PBXFileReference; fileEncoding = 4; lastKnownFileType = sourcecode.c.objc; path = RSTinCanConnector.m; sourceTree = "<group>"; };
		87F2DA7820129FD30089F6BC /* TCAttachmentCollection.m */ = {isa = PBXFileReference; fileEncoding = 4; lastKnownFileType = sourcecode.c.objc; path = TCAttachmentCollection.m; sourceTree = "<group>"; };
		87F2DA7920129FD30089F6BC /* TCAttachment.h */ = {isa = PBXFileReference; fileEncoding = 4; lastKnownFileType = sourcecode.c.h; path = TCAttachment.h; sourceTree = "<group>"; };
		87FA4A32202D358900A0E3BC /* iBeaconProj.xcdatamodel */ = {isa = PBXFileReference; lastKnownFileType = wrapper.xcdatamodel; path = iBeaconProj.xcdatamodel; sourceTree = "<group>"; };
		87FA4A34202D376C00A0E3BC /* RecordViewController.swift */ = {isa = PBXFileReference; lastKnownFileType = sourcecode.swift; path = RecordViewController.swift; sourceTree = "<group>"; };
		87FA4A36202D38C500A0E3BC /* PersistenceService.swift */ = {isa = PBXFileReference; lastKnownFileType = sourcecode.swift; path = PersistenceService.swift; sourceTree = "<group>"; };
		87FA4A38202D3CF200A0E3BC /* Record+CoreDataClass.swift */ = {isa = PBXFileReference; lastKnownFileType = sourcecode.swift; path = "Record+CoreDataClass.swift"; sourceTree = "<group>"; };
		87FA4A39202D3CF200A0E3BC /* Record+CoreDataProperties.swift */ = {isa = PBXFileReference; lastKnownFileType = sourcecode.swift; path = "Record+CoreDataProperties.swift"; sourceTree = "<group>"; };
/* End PBXFileReference section */

/* Begin PBXFrameworksBuildPhase section */
		8796F8A72009036100858538 /* Frameworks */ = {
			isa = PBXFrameworksBuildPhase;
			buildActionMask = 2147483647;
			files = (
			);
			runOnlyForDeploymentPostprocessing = 0;
		};
/* End PBXFrameworksBuildPhase section */

/* Begin PBXGroup section */
		8796F8A12009036100858538 = {
			isa = PBXGroup;
			children = (
				8796F8AC2009036100858538 /* iBeaconProj */,
				8796F8AB2009036100858538 /* Products */,
			);
			sourceTree = "<group>";
		};
		8796F8AB2009036100858538 /* Products */ = {
			isa = PBXGroup;
			children = (
				8796F8AA2009036100858538 /* iBeaconProj.app */,
			);
			name = Products;
			sourceTree = "<group>";
		};
		8796F8AC2009036100858538 /* iBeaconProj */ = {
			isa = PBXGroup;
			children = (
				87F2DA5520129FBC0089F6BC /* API */,
				87FA4A38202D3CF200A0E3BC /* Record+CoreDataClass.swift */,
				87FA4A39202D3CF200A0E3BC /* Record+CoreDataProperties.swift */,
				8796F8AD2009036100858538 /* AppDelegate.swift */,
				87FA4A36202D38C500A0E3BC /* PersistenceService.swift */,
				8796F8AF2009036100858538 /* ViewController.swift */,
				8796F8B12009036100858538 /* Main.storyboard */,
				87FA4A34202D376C00A0E3BC /* RecordViewController.swift */,
				8796F8B42009036100858538 /* Assets.xcassets */,
				8796F8B62009036100858538 /* LaunchScreen.storyboard */,
				8796F8B92009036100858538 /* Info.plist */,
				87F2DA4F201297840089F6BC /* test.m */,
				87F2DA4E201297830089F6BC /* iBeaconProj-Bridging-Header.h */,
				87F2DA5320129A740089F6BC /* xAPI.swift */,
				87FA4A31202D358900A0E3BC /* iBeaconProj.xcdatamodeld */,
			);
			path = iBeaconProj;
			sourceTree = "<group>";
		};
		87F2DA5520129FBC0089F6BC /* API */ = {
			isa = PBXGroup;
			children = (
				87F2DA6D20129FD10089F6BC /* RSTCAPI-Prefix.pch */,
				87F2DA7020129FD20089F6BC /* RSTCAPI.h */,
				87F2DA7620129FD20089F6BC /* RSTinCanConnector.h */,
				87F2DA7720129FD20089F6BC /* RSTinCanConnector.m */,
				87F2DA6120129FD00089F6BC /* TCActivity.h */,
				87F2DA5E20129FD00089F6BC /* TCActivity.m */,
				87F2DA6020129FD00089F6BC /* TCActivityDefinition.h */,
				87F2DA6720129FD10089F6BC /* TCActivityDefinition.m */,
				87F2DA6820129FD10089F6BC /* TCAgent.h */,
				87F2DA5D20129FD00089F6BC /* TCAgent.m */,
				87F2DA7920129FD30089F6BC /* TCAttachment.h */,
				87F2DA5620129FCF0089F6BC /* TCAttachment.m */,
				87F2DA7320129FD20089F6BC /* TCAttachmentCollection.h */,
				87F2DA7820129FD30089F6BC /* TCAttachmentCollection.m */,
				87F2DA6220129FD00089F6BC /* TCContext.h */,
				87F2DA6B20129FD10089F6BC /* TCContext.m */,
				87F2DA6320129FD00089F6BC /* TCError.h */,
				87F2DA5920129FCF0089F6BC /* TCError.m */,
				87F2DA5A20129FD00089F6BC /* TCLocalizedValues.h */,
				87F2DA5720129FCF0089F6BC /* TCLocalizedValues.m */,
				87F2DA7520129FD20089F6BC /* TCLRS.h */,
				87F2DA6420129FD00089F6BC /* TCLRS.m */,
				87F2DA6520129FD10089F6BC /* TCQueryOptions.h */,
				87F2DA7220129FD20089F6BC /* TCQueryOptions.m */,
				87F2DA6E20129FD10089F6BC /* TCResult.h */,
				87F2DA7420129FD20089F6BC /* TCResult.m */,
				87F2DA5F20129FD00089F6BC /* TCState.h */,
				87F2DA6620129FD10089F6BC /* TCState.m */,
				87F2DA7120129FD20089F6BC /* TCStatement.h */,
				87F2DA5C20129FD00089F6BC /* TCStatement.m */,
				87F2DA6F20129FD20089F6BC /* TCStatementCollection.h */,
				87F2DA6A20129FD10089F6BC /* TCStatementCollection.m */,
				87F2DA5820129FCF0089F6BC /* TCUtil.h */,
				87F2DA5B20129FD00089F6BC /* TCUtil.m */,
				87F2DA6C20129FD10089F6BC /* TCVerb.h */,
				87F2DA6920129FD10089F6BC /* TCVerb.m */,
			);
			path = API;
			sourceTree = "<group>";
		};
/* End PBXGroup section */

/* Begin PBXNativeTarget section */
		8796F8A92009036100858538 /* iBeaconProj */ = {
			isa = PBXNativeTarget;
			buildConfigurationList = 8796F8BC2009036100858538 /* Build configuration list for PBXNativeTarget "iBeaconProj" */;
			buildPhases = (
				8796F8A62009036100858538 /* Sources */,
				8796F8A72009036100858538 /* Frameworks */,
				8796F8A82009036100858538 /* Resources */,
			);
			buildRules = (
			);
			dependencies = (
			);
			name = iBeaconProj;
			productName = iBeaconProj;
			productReference = 8796F8AA2009036100858538 /* iBeaconProj.app */;
			productType = "com.apple.product-type.application";
		};
/* End PBXNativeTarget section */

/* Begin PBXProject section */
		8796F8A22009036100858538 /* Project object */ = {
			isa = PBXProject;
			attributes = {
				LastSwiftUpdateCheck = 0920;
				LastUpgradeCheck = 0920;
				ORGANIZATIONNAME = "Edward Feng";
				TargetAttributes = {
					8796F8A92009036100858538 = {
						CreatedOnToolsVersion = 9.2;
						LastSwiftMigration = 0920;
						ProvisioningStyle = Automatic;
					};
				};
			};
			buildConfigurationList = 8796F8A52009036100858538 /* Build configuration list for PBXProject "iBeaconProj" */;
			compatibilityVersion = "Xcode 8.0";
			developmentRegion = en;
			hasScannedForEncodings = 0;
			knownRegions = (
				en,
				Base,
			);
			mainGroup = 8796F8A12009036100858538;
			productRefGroup = 8796F8AB2009036100858538 /* Products */;
			projectDirPath = "";
			projectRoot = "";
			targets = (
				8796F8A92009036100858538 /* iBeaconProj */,
			);
		};
/* End PBXProject section */

/* Begin PBXResourcesBuildPhase section */
		8796F8A82009036100858538 /* Resources */ = {
			isa = PBXResourcesBuildPhase;
			buildActionMask = 2147483647;
			files = (
				8796F8B82009036100858538 /* LaunchScreen.storyboard in Resources */,
				8796F8B52009036100858538 /* Assets.xcassets in Resources */,
				8796F8B32009036100858538 /* Main.storyboard in Resources */,
			);
			runOnlyForDeploymentPostprocessing = 0;
		};
/* End PBXResourcesBuildPhase section */

/* Begin PBXSourcesBuildPhase section */
		8796F8A62009036100858538 /* Sources */ = {
			isa = PBXSourcesBuildPhase;
			buildActionMask = 2147483647;
			files = (
				87FA4A37202D38C500A0E3BC /* PersistenceService.swift in Sources */,
				87F2DA8020129FD30089F6BC /* TCActivity.m in Sources */,
				87F2DA8920129FD30089F6BC /* RSTinCanConnector.m in Sources */,
				87F2DA7D20129FD30089F6BC /* TCUtil.m in Sources */,
				87F2DA50201297840089F6BC /* test.m in Sources */,
				87F2DA5420129A740089F6BC /* xAPI.swift in Sources */,
				87F2DA8620129FD30089F6BC /* TCContext.m in Sources */,
				8796F8B02009036100858538 /* ViewController.swift in Sources */,
				87F2DA8420129FD30089F6BC /* TCVerb.m in Sources */,
				87FA4A3B202D3CF200A0E3BC /* Record+CoreDataProperties.swift in Sources */,
				87F2DA7C20129FD30089F6BC /* TCError.m in Sources */,
				87F2DA8220129FD30089F6BC /* TCState.m in Sources */,
				87F2DA7B20129FD30089F6BC /* TCLocalizedValues.m in Sources */,
				87FA4A35202D376C00A0E3BC /* RecordViewController.swift in Sources */,
				87F2DA8A20129FD30089F6BC /* TCAttachmentCollection.m in Sources */,
				87F2DA7E20129FD30089F6BC /* TCStatement.m in Sources */,
				87FA4A3A202D3CF200A0E3BC /* Record+CoreDataClass.swift in Sources */,
				87F2DA8520129FD30089F6BC /* TCStatementCollection.m in Sources */,
				8796F8AE2009036100858538 /* AppDelegate.swift in Sources */,
				87F2DA7F20129FD30089F6BC /* TCAgent.m in Sources */,
				87F2DA8820129FD30089F6BC /* TCResult.m in Sources */,
				87F2DA8720129FD30089F6BC /* TCQueryOptions.m in Sources */,
				87FA4A33202D358900A0E3BC /* iBeaconProj.xcdatamodeld in Sources */,
				87F2DA8120129FD30089F6BC /* TCLRS.m in Sources */,
				87F2DA8320129FD30089F6BC /* TCActivityDefinition.m in Sources */,
				87F2DA7A20129FD30089F6BC /* TCAttachment.m in Sources */,
			);
			runOnlyForDeploymentPostprocessing = 0;
		};
/* End PBXSourcesBuildPhase section */

/* Begin PBXVariantGroup section */
		8796F8B12009036100858538 /* Main.storyboard */ = {
			isa = PBXVariantGroup;
			children = (
				8796F8B22009036100858538 /* Base */,
			);
			name = Main.storyboard;
			sourceTree = "<group>";
		};
		8796F8B62009036100858538 /* LaunchScreen.storyboard */ = {
			isa = PBXVariantGroup;
			children = (
				8796F8B72009036100858538 /* Base */,
			);
			name = LaunchScreen.storyboard;
			sourceTree = "<group>";
		};
/* End PBXVariantGroup section */

/* Begin XCBuildConfiguration section */
		8796F8BA2009036100858538 /* Debug */ = {
			isa = XCBuildConfiguration;
			buildSettings = {
				ALWAYS_SEARCH_USER_PATHS = NO;
				CLANG_ANALYZER_NONNULL = YES;
				CLANG_ANALYZER_NUMBER_OBJECT_CONVERSION = YES_AGGRESSIVE;
				CLANG_CXX_LANGUAGE_STANDARD = "gnu++14";
				CLANG_CXX_LIBRARY = "libc++";
				CLANG_ENABLE_MODULES = YES;
				CLANG_ENABLE_OBJC_ARC = YES;
				CLANG_WARN_BLOCK_CAPTURE_AUTORELEASING = YES;
				CLANG_WARN_BOOL_CONVERSION = YES;
				CLANG_WARN_COMMA = YES;
				CLANG_WARN_CONSTANT_CONVERSION = YES;
				CLANG_WARN_DIRECT_OBJC_ISA_USAGE = YES_ERROR;
				CLANG_WARN_DOCUMENTATION_COMMENTS = YES;
				CLANG_WARN_EMPTY_BODY = YES;
				CLANG_WARN_ENUM_CONVERSION = YES;
				CLANG_WARN_INFINITE_RECURSION = YES;
				CLANG_WARN_INT_CONVERSION = YES;
				CLANG_WARN_NON_LITERAL_NULL_CONVERSION = YES;
				CLANG_WARN_OBJC_LITERAL_CONVERSION = YES;
				CLANG_WARN_OBJC_ROOT_CLASS = YES_ERROR;
				CLANG_WARN_RANGE_LOOP_ANALYSIS = YES;
				CLANG_WARN_STRICT_PROTOTYPES = YES;
				CLANG_WARN_SUSPICIOUS_MOVE = YES;
				CLANG_WARN_UNGUARDED_AVAILABILITY = YES_AGGRESSIVE;
				CLANG_WARN_UNREACHABLE_CODE = YES;
				CLANG_WARN__DUPLICATE_METHOD_MATCH = YES;
				CODE_SIGN_IDENTITY = "iPhone Developer";
				COPY_PHASE_STRIP = NO;
				DEBUG_INFORMATION_FORMAT = dwarf;
				ENABLE_STRICT_OBJC_MSGSEND = YES;
				ENABLE_TESTABILITY = YES;
				GCC_C_LANGUAGE_STANDARD = gnu11;
				GCC_DYNAMIC_NO_PIC = NO;
				GCC_NO_COMMON_BLOCKS = YES;
				GCC_OPTIMIZATION_LEVEL = 0;
				GCC_PREPROCESSOR_DEFINITIONS = (
					"DEBUG=1",
					"$(inherited)",
				);
				GCC_WARN_64_TO_32_BIT_CONVERSION = YES;
				GCC_WARN_ABOUT_RETURN_TYPE = YES_ERROR;
				GCC_WARN_UNDECLARED_SELECTOR = YES;
				GCC_WARN_UNINITIALIZED_AUTOS = YES_AGGRESSIVE;
				GCC_WARN_UNUSED_FUNCTION = YES;
				GCC_WARN_UNUSED_VARIABLE = YES;
				IPHONEOS_DEPLOYMENT_TARGET = 11.2;
				MTL_ENABLE_DEBUG_INFO = YES;
				ONLY_ACTIVE_ARCH = YES;
				SDKROOT = iphoneos;
				SWIFT_ACTIVE_COMPILATION_CONDITIONS = DEBUG;
				SWIFT_OPTIMIZATION_LEVEL = "-Onone";
			};
			name = Debug;
		};
		8796F8BB2009036100858538 /* Release */ = {
			isa = XCBuildConfiguration;
			buildSettings = {
				ALWAYS_SEARCH_USER_PATHS = NO;
				CLANG_ANALYZER_NONNULL = YES;
				CLANG_ANALYZER_NUMBER_OBJECT_CONVERSION = YES_AGGRESSIVE;
				CLANG_CXX_LANGUAGE_STANDARD = "gnu++14";
				CLANG_CXX_LIBRARY = "libc++";
				CLANG_ENABLE_MODULES = YES;
				CLANG_ENABLE_OBJC_ARC = YES;
				CLANG_WARN_BLOCK_CAPTURE_AUTORELEASING = YES;
				CLANG_WARN_BOOL_CONVERSION = YES;
				CLANG_WARN_COMMA = YES;
				CLANG_WARN_CONSTANT_CONVERSION = YES;
				CLANG_WARN_DIRECT_OBJC_ISA_USAGE = YES_ERROR;
				CLANG_WARN_DOCUMENTATION_COMMENTS = YES;
				CLANG_WARN_EMPTY_BODY = YES;
				CLANG_WARN_ENUM_CONVERSION = YES;
				CLANG_WARN_INFINITE_RECURSION = YES;
				CLANG_WARN_INT_CONVERSION = YES;
				CLANG_WARN_NON_LITERAL_NULL_CONVERSION = YES;
				CLANG_WARN_OBJC_LITERAL_CONVERSION = YES;
				CLANG_WARN_OBJC_ROOT_CLASS = YES_ERROR;
				CLANG_WARN_RANGE_LOOP_ANALYSIS = YES;
				CLANG_WARN_STRICT_PROTOTYPES = YES;
				CLANG_WARN_SUSPICIOUS_MOVE = YES;
				CLANG_WARN_UNGUARDED_AVAILABILITY = YES_AGGRESSIVE;
				CLANG_WARN_UNREACHABLE_CODE = YES;
				CLANG_WARN__DUPLICATE_METHOD_MATCH = YES;
				CODE_SIGN_IDENTITY = "iPhone Developer";
				COPY_PHASE_STRIP = NO;
				DEBUG_INFORMATION_FORMAT = "dwarf-with-dsym";
				ENABLE_NS_ASSERTIONS = NO;
				ENABLE_STRICT_OBJC_MSGSEND = YES;
				GCC_C_LANGUAGE_STANDARD = gnu11;
				GCC_NO_COMMON_BLOCKS = YES;
				GCC_WARN_64_TO_32_BIT_CONVERSION = YES;
				GCC_WARN_ABOUT_RETURN_TYPE = YES_ERROR;
				GCC_WARN_UNDECLARED_SELECTOR = YES;
				GCC_WARN_UNINITIALIZED_AUTOS = YES_AGGRESSIVE;
				GCC_WARN_UNUSED_FUNCTION = YES;
				GCC_WARN_UNUSED_VARIABLE = YES;
				IPHONEOS_DEPLOYMENT_TARGET = 11.2;
				MTL_ENABLE_DEBUG_INFO = NO;
				SDKROOT = iphoneos;
				SWIFT_OPTIMIZATION_LEVEL = "-Owholemodule";
				VALIDATE_PRODUCT = YES;
			};
			name = Release;
		};
		8796F8BD2009036100858538 /* Debug */ = {
			isa = XCBuildConfiguration;
			buildSettings = {
				ASSETCATALOG_COMPILER_APPICON_NAME = AppIcon;
				CLANG_ENABLE_MODULES = YES;
				CODE_SIGN_STYLE = Automatic;
				DEVELOPMENT_TEAM = ZWTD7QCCNV;
				INFOPLIST_FILE = iBeaconProj/Info.plist;
				LD_RUNPATH_SEARCH_PATHS = "$(inherited) @executable_path/Frameworks";
				PRODUCT_BUNDLE_IDENTIFIER = beacon.jf44.iBeaconProj;
				PRODUCT_NAME = "$(TARGET_NAME)";
				SWIFT_OBJC_BRIDGING_HEADER = "iBeaconProj/iBeaconProj-Bridging-Header.h";
				SWIFT_OPTIMIZATION_LEVEL = "-Onone";
				SWIFT_VERSION = 4.0;
				TARGETED_DEVICE_FAMILY = "1,2";
			};
			name = Debug;
		};
		8796F8BE2009036100858538 /* Release */ = {
			isa = XCBuildConfiguration;
			buildSettings = {
				ASSETCATALOG_COMPILER_APPICON_NAME = AppIcon;
				CLANG_ENABLE_MODULES = YES;
				CODE_SIGN_STYLE = Automatic;
				DEVELOPMENT_TEAM = ZWTD7QCCNV;
				INFOPLIST_FILE = iBeaconProj/Info.plist;
				LD_RUNPATH_SEARCH_PATHS = "$(inherited) @executable_path/Frameworks";
				PRODUCT_BUNDLE_IDENTIFIER = beacon.jf44.iBeaconProj;
				PRODUCT_NAME = "$(TARGET_NAME)";
				SWIFT_OBJC_BRIDGING_HEADER = "iBeaconProj/iBeaconProj-Bridging-Header.h";
				SWIFT_VERSION = 4.0;
				TARGETED_DEVICE_FAMILY = "1,2";
			};
			name = Release;
		};
/* End XCBuildConfiguration section */

/* Begin XCConfigurationList section */
		8796F8A52009036100858538 /* Build configuration list for PBXProject "iBeaconProj" */ = {
			isa = XCConfigurationList;
			buildConfigurations = (
				8796F8BA2009036100858538 /* Debug */,
				8796F8BB2009036100858538 /* Release */,
			);
			defaultConfigurationIsVisible = 0;
			defaultConfigurationName = Release;
		};
		8796F8BC2009036100858538 /* Build configuration list for PBXNativeTarget "iBeaconProj" */ = {
			isa = XCConfigurationList;
			buildConfigurations = (
				8796F8BD2009036100858538 /* Debug */,
				8796F8BE2009036100858538 /* Release */,
			);
			defaultConfigurationIsVisible = 0;
			defaultConfigurationName = Release;
		};
/* End XCConfigurationList section */

/* Begin XCVersionGroup section */
		87FA4A31202D358900A0E3BC /* iBeaconProj.xcdatamodeld */ = {
			isa = XCVersionGroup;
			children = (
				87FA4A32202D358900A0E3BC /* iBeaconProj.xcdatamodel */,
			);
			currentVersion = 87FA4A32202D358900A0E3BC /* iBeaconProj.xcdatamodel */;
			path = iBeaconProj.xcdatamodeld;
			sourceTree = "<group>";
			versionGroupType = wrapper.xcdatamodel;
		};
/* End XCVersionGroup section */
	};
	rootObject = 8796F8A22009036100858538 /* Project object */;
}
